[[package]]
name = "python-minifier"
version = "2.5.0"
description = "Transform Python source code into it's most compact representation"
category = "main"
optional = false
python-versions = ">=2.7, !=3.0.*, !=3.1.*, !=3.2.*, <3.11"

[metadata]
lock-version = "1.1"
python-versions = ">=3.8.0,<3.9"
content-hash = "7de8045f3eaa34e71b65b9a025ebfb039e5bf32f093d3c47c89eefa1090799b1"

[metadata.files]
python-minifier = [
    {file = "python_minifier-2.5.0-py3-none-any.whl", hash = "sha256:8c3d6b891af5c42d57d9b21f4d30db860dcb8cdb1e22517f1350c4e906405569"},
    {file = "python_minifier-2.5.0.tar.gz", hash = "sha256:81397b9ec5bf1690e76b358c45af4ba6fa01be2739b478d4c1362b1fcdcf790b"},
]
